
Microsoft Visual Studio Solution File, Format Version 12.00
# Visual Studio Version 17
VisualStudioVersion = 17.11.35327.3
MinimumVisualStudioVersion = 10.0.40219.1
Project("{FAE04EC0-301F-11D3-BF4B-00C04F79EFBC}") = "App.Api", "App.Api\App.Api.csproj", "{689AC367-14FB-4EDB-86C9-FDB5E6DB226B}"
EndProject
Global
	GlobalSection(SolutionConfigurationPlatforms) = preSolution
		Debug|Any CPU = Debug|Any CPU
		Release|Any CPU = Release|Any CPU
	EndGlobalSection
	GlobalSection(ProjectConfigurationPlatforms) = postSolution
		{689AC367-14FB-4EDB-86C9-FDB5E6DB226B}.Debug|Any CPU.ActiveCfg = Debug|Any CPU
		{689AC367-14FB-4EDB-86C9-FDB5E6DB226B}.Debug|Any CPU.Build.0 = Debug|Any CPU
		{689AC367-14FB-4EDB-86C9-FDB5E6DB226B}.Release|Any CPU.ActiveCfg = Release|Any CPU
		{689AC367-14FB-4EDB-86C9-FDB5E6DB226B}.Release|Any CPU.Build.0 = Release|Any CPU
	EndGlobalSection
	GlobalSection(SolutionProperties) = preSolution
		HideSolutionNode = FALSE
	EndGlobalSection
	GlobalSection(ExtensibilityGlobals) = postSolution
		SolutionGuid = {6AA1348B-4D60-49E4-8AEE-4225FB8E9C69}
	EndGlobalSection
EndGlobal
